{
  "name": "strip-types",
  "version": "1.0.0",
  "lockfileVersion": 3,
  "requires": true,
  "packages": {
    "": {
      "name": "strip-types",
      "version": "1.0.0",
      "license": "ISC",
      "devDependencies": {
        "@types/node": "^22.1.0"
      }
    },
    "node_modules/@types/node": {
      "version": "22.1.0",
      "dev": true,
      "license": "MIT",
      "dependencies": {
        "undici-types": "~6.13.0"
      }
    },
    "node_modules/undici-types": {
      "version": "6.13.0",
      "dev": true,
      "license": "MIT"
    }
  }
}
